
Microsoft Visual Studio Solution File, Format Version 12.00
# Visual Studio Version 17
VisualStudioVersion = 17.11.35327.3
MinimumVisualStudioVersion = 10.0.40219.1
Project("{9A19103F-16F7-4668-BE54-9A1E7A4F7556}") = "LevelUpCSharp.App", "LevelUpCSharp.App\LevelUpCSharp.App.csproj", "{5A39E1F5-48BD-4C59-A2F4-7810D7149B00}"
EndProject
Project("{9A19103F-16F7-4668-BE54-9A1E7A4F7556}") = "LevelUpCSharp.Domain", "LevelUpCSharp.Domain\LevelUpCSharp.Domain.csproj", "{9F5B2B45-416C-4C87-B84D-1FEBA991856B}"
EndProject
Project("{9A19103F-16F7-4668-BE54-9A1E7A4F7556}") = "LevelUpCSharp.Tools", "LevelUpCSharp.Tools\LevelUpCSharp.Tools.csproj", "{983CB167-A0F2-47A5-90AA-6C838D39415F}"
EndProject
Project("{2150E333-8FDC-42A3-9474-1A3956D46DE8}") = "Documentation", "Documentation", "{4E1CA6E6-3994-4ACE-8FE9-D73C7A45AADB}"
EndProject
Project("{2150E333-8FDC-42A3-9474-1A3956D46DE8}") = "Domain", "Domain", "{26E42B49-18F9-4C11-ABB9-0A4AC3C4C913}"
EndProject
Project("{2150E333-8FDC-42A3-9474-1A3956D46DE8}") = "Production", "Production", "{4C0E3FF8-6B5D-4D78-84E4-2559C4307C40}"
	ProjectSection(SolutionItems) = preProject
		Documentation\Domain\Production\SandwitchCreation.iuml = Documentation\Domain\Production\SandwitchCreation.iuml
	EndProjectSection
EndProject
Project("{9A19103F-16F7-4668-BE54-9A1E7A4F7556}") = "LevelUpCSharp.Server", "LevelUpCSharp.Server\LevelUpCSharp.Server.csproj", "{1A4E2285-0560-4E08-A102-16A6E59C630D}"
EndProject
Project("{FAE04EC0-301F-11D3-BF4B-00C04F79EFBC}") = "LevelUpCSharp.Production", "LevelUpCSharp.Production\LevelUpCSharp.Production.csproj", "{AAF3FC12-FDDC-44DE-89F4-C0F95015183A}"
EndProject
Global
	GlobalSection(SolutionConfigurationPlatforms) = preSolution
		Debug|Any CPU = Debug|Any CPU
		Release|Any CPU = Release|Any CPU
	EndGlobalSection
	GlobalSection(ProjectConfigurationPlatforms) = postSolution
		{5A39E1F5-48BD-4C59-A2F4-7810D7149B00}.Debug|Any CPU.ActiveCfg = Debug|Any CPU
		{5A39E1F5-48BD-4C59-A2F4-7810D7149B00}.Debug|Any CPU.Build.0 = Debug|Any CPU
		{5A39E1F5-48BD-4C59-A2F4-7810D7149B00}.Release|Any CPU.ActiveCfg = Release|Any CPU
		{5A39E1F5-48BD-4C59-A2F4-7810D7149B00}.Release|Any CPU.Build.0 = Release|Any CPU
		{9F5B2B45-416C-4C87-B84D-1FEBA991856B}.Debug|Any CPU.ActiveCfg = Debug|Any CPU
		{9F5B2B45-416C-4C87-B84D-1FEBA991856B}.Debug|Any CPU.Build.0 = Debug|Any CPU
		{9F5B2B45-416C-4C87-B84D-1FEBA991856B}.Release|Any CPU.ActiveCfg = Release|Any CPU
		{9F5B2B45-416C-4C87-B84D-1FEBA991856B}.Release|Any CPU.Build.0 = Release|Any CPU
		{983CB167-A0F2-47A5-90AA-6C838D39415F}.Debug|Any CPU.ActiveCfg = Debug|Any CPU
		{983CB167-A0F2-47A5-90AA-6C838D39415F}.Debug|Any CPU.Build.0 = Debug|Any CPU
		{983CB167-A0F2-47A5-90AA-6C838D39415F}.Release|Any CPU.ActiveCfg = Release|Any CPU
		{983CB167-A0F2-47A5-90AA-6C838D39415F}.Release|Any CPU.Build.0 = Release|Any CPU
		{1A4E2285-0560-4E08-A102-16A6E59C630D}.Debug|Any CPU.ActiveCfg = Debug|Any CPU
		{1A4E2285-0560-4E08-A102-16A6E59C630D}.Debug|Any CPU.Build.0 = Debug|Any CPU
		{1A4E2285-0560-4E08-A102-16A6E59C630D}.Release|Any CPU.ActiveCfg = Release|Any CPU
		{1A4E2285-0560-4E08-A102-16A6E59C630D}.Release|Any CPU.Build.0 = Release|Any CPU
		{AAF3FC12-FDDC-44DE-89F4-C0F95015183A}.Debug|Any CPU.ActiveCfg = Debug|Any CPU
		{AAF3FC12-FDDC-44DE-89F4-C0F95015183A}.Debug|Any CPU.Build.0 = Debug|Any CPU
		{AAF3FC12-FDDC-44DE-89F4-C0F95015183A}.Release|Any CPU.ActiveCfg = Release|Any CPU
		{AAF3FC12-FDDC-44DE-89F4-C0F95015183A}.Release|Any CPU.Build.0 = Release|Any CPU
	EndGlobalSection
	GlobalSection(SolutionProperties) = preSolution
		HideSolutionNode = FALSE
	EndGlobalSection
	GlobalSection(NestedProjects) = preSolution
		{26E42B49-18F9-4C11-ABB9-0A4AC3C4C913} = {4E1CA6E6-3994-4ACE-8FE9-D73C7A45AADB}
		{4C0E3FF8-6B5D-4D78-84E4-2559C4307C40} = {26E42B49-18F9-4C11-ABB9-0A4AC3C4C913}
	EndGlobalSection
	GlobalSection(ExtensibilityGlobals) = postSolution
		SolutionGuid = {2B933B73-7702-4138-B9C6-D63A7A6E6A22}
	EndGlobalSection
EndGlobal
